
Microsoft Visual Studio Solution File, Format Version 12.00
# Visual Studio Version 16
VisualStudioVersion = 16.0.30204.135
MinimumVisualStudioVersion = 15.0.26124.0
Project("{9A19103F-16F7-4668-BE54-9A1E7A4F7556}") = "BattleOfCards_AcesHigh", "BattleOfCards_AcesHigh.csproj", "{8D9CA686-757A-4B09-A373-2FA75B243DB3}"
EndProject
Project("{9A19103F-16F7-4668-BE54-9A1E7A4F7556}") = "BattleOfCardsAcesHigh.Tests", "BattleOfCardsAcesHigh.Tests\BattleOfCardsAcesHigh.Tests.csproj", "{01CA9D56-0F92-4E0D-BE3F-7C93E72A567A}"
EndProject
Global
	GlobalSection(SolutionConfigurationPlatforms) = preSolution
		Debug|Any CPU = Debug|Any CPU
		Debug|x64 = Debug|x64
		Debug|x86 = Debug|x86
		Release|Any CPU = Release|Any CPU
		Release|x64 = Release|x64
		Release|x86 = Release|x86
	EndGlobalSection
	GlobalSection(ProjectConfigurationPlatforms) = postSolution
		{8D9CA686-757A-4B09-A373-2FA75B243DB3}.Debug|Any CPU.ActiveCfg = Debug|Any CPU
		{8D9CA686-757A-4B09-A373-2FA75B243DB3}.Debug|Any CPU.Build.0 = Debug|Any CPU
		{8D9CA686-757A-4B09-A373-2FA75B243DB3}.Debug|x64.ActiveCfg = Debug|Any CPU
		{8D9CA686-757A-4B09-A373-2FA75B243DB3}.Debug|x64.Build.0 = Debug|Any CPU
		{8D9CA686-757A-4B09-A373-2FA75B243DB3}.Debug|x86.ActiveCfg = Debug|Any CPU
		{8D9CA686-757A-4B09-A373-2FA75B243DB3}.Debug|x86.Build.0 = Debug|Any CPU
		{8D9CA686-757A-4B09-A373-2FA75B243DB3}.Release|Any CPU.ActiveCfg = Release|Any CPU
		{8D9CA686-757A-4B09-A373-2FA75B243DB3}.Release|Any CPU.Build.0 = Release|Any CPU
		{8D9CA686-757A-4B09-A373-2FA75B243DB3}.Release|x64.ActiveCfg = Release|Any CPU
		{8D9CA686-757A-4B09-A373-2FA75B243DB3}.Release|x64.Build.0 = Release|Any CPU
		{8D9CA686-757A-4B09-A373-2FA75B243DB3}.Release|x86.ActiveCfg = Release|Any CPU
		{8D9CA686-757A-4B09-A373-2FA75B243DB3}.Release|x86.Build.0 = Release|Any CPU
		{01CA9D56-0F92-4E0D-BE3F-7C93E72A567A}.Debug|Any CPU.ActiveCfg = Debug|Any CPU
		{01CA9D56-0F92-4E0D-BE3F-7C93E72A567A}.Debug|Any CPU.Build.0 = Debug|Any CPU
		{01CA9D56-0F92-4E0D-BE3F-7C93E72A567A}.Debug|x64.ActiveCfg = Debug|Any CPU
		{01CA9D56-0F92-4E0D-BE3F-7C93E72A567A}.Debug|x64.Build.0 = Debug|Any CPU
		{01CA9D56-0F92-4E0D-BE3F-7C93E72A567A}.Debug|x86.ActiveCfg = Debug|Any CPU
		{01CA9D56-0F92-4E0D-BE3F-7C93E72A567A}.Debug|x86.Build.0 = Debug|Any CPU
		{01CA9D56-0F92-4E0D-BE3F-7C93E72A567A}.Release|Any CPU.ActiveCfg = Release|Any CPU
		{01CA9D56-0F92-4E0D-BE3F-7C93E72A567A}.Release|Any CPU.Build.0 = Release|Any CPU
		{01CA9D56-0F92-4E0D-BE3F-7C93E72A567A}.Release|x64.ActiveCfg = Release|Any CPU
		{01CA9D56-0F92-4E0D-BE3F-7C93E72A567A}.Release|x64.Build.0 = Release|Any CPU
		{01CA9D56-0F92-4E0D-BE3F-7C93E72A567A}.Release|x86.ActiveCfg = Release|Any CPU
		{01CA9D56-0F92-4E0D-BE3F-7C93E72A567A}.Release|x86.Build.0 = Release|Any CPU
	EndGlobalSection
	GlobalSection(SolutionProperties) = preSolution
		HideSolutionNode = FALSE
	EndGlobalSection
	GlobalSection(ExtensibilityGlobals) = postSolution
		SolutionGuid = {82AE84D8-CE33-4031-8351-A13F8CA48E90}
	EndGlobalSection
EndGlobal
